
Microsoft Visual Studio Solution File, Format Version 12.00
# Visual Studio 15
VisualStudioVersion = 15.0.28307.136
MinimumVisualStudioVersion = 10.0.40219.1
Project("{FAE04EC0-301F-11D3-BF4B-00C04F79EFBC}") = "RockPaperScissorsLizardSpock", "RockPaperScissorsLizardSpock\RockPaperScissorsLizardSpock.csproj", "{F7749EDD-C8D2-4830-9AA9-4F8D21BAC5FD}"
EndProject
Global
	GlobalSection(SolutionConfigurationPlatforms) = preSolution
		Debug|Any CPU = Debug|Any CPU
		Release|Any CPU = Release|Any CPU
	EndGlobalSection
	GlobalSection(ProjectConfigurationPlatforms) = postSolution
		{F7749EDD-C8D2-4830-9AA9-4F8D21BAC5FD}.Debug|Any CPU.ActiveCfg = Debug|Any CPU
		{F7749EDD-C8D2-4830-9AA9-4F8D21BAC5FD}.Debug|Any CPU.Build.0 = Debug|Any CPU
		{F7749EDD-C8D2-4830-9AA9-4F8D21BAC5FD}.Release|Any CPU.ActiveCfg = Release|Any CPU
		{F7749EDD-C8D2-4830-9AA9-4F8D21BAC5FD}.Release|Any CPU.Build.0 = Release|Any CPU
	EndGlobalSection
	GlobalSection(SolutionProperties) = preSolution
		HideSolutionNode = FALSE
	EndGlobalSection
	GlobalSection(ExtensibilityGlobals) = postSolution
		SolutionGuid = {4C24972D-9428-467E-AB32-1602AB2F373D}
	EndGlobalSection
EndGlobal
